
Microsoft Visual Studio Solution File, Format Version 12.00
# Visual Studio Version 16
VisualStudioVersion = 16.0.31025.194
MinimumVisualStudioVersion = 10.0.40219.1
Project("{9A19103F-16F7-4668-BE54-9A1E7A4F7556}") = "WebAPI", "WebAPI\WebAPI.csproj", "{5CDCE58A-D196-4CE7-B39E-717805924EB7}"
EndProject
Project("{FAE04EC0-301F-11D3-BF4B-00C04F79EFBC}") = "LoggerService", "LoggerService\LoggerService.csproj", "{DF7E0D8C-A8AA-414E-906F-9710EE9A1BA7}"
EndProject
Global
	GlobalSection(SolutionConfigurationPlatforms) = preSolution
		Debug|Any CPU = Debug|Any CPU
		Release|Any CPU = Release|Any CPU
	EndGlobalSection
	GlobalSection(ProjectConfigurationPlatforms) = postSolution
		{5CDCE58A-D196-4CE7-B39E-717805924EB7}.Debug|Any CPU.ActiveCfg = Debug|Any CPU
		{5CDCE58A-D196-4CE7-B39E-717805924EB7}.Debug|Any CPU.Build.0 = Debug|Any CPU
		{5CDCE58A-D196-4CE7-B39E-717805924EB7}.Release|Any CPU.ActiveCfg = Release|Any CPU
		{5CDCE58A-D196-4CE7-B39E-717805924EB7}.Release|Any CPU.Build.0 = Release|Any CPU
		{DF7E0D8C-A8AA-414E-906F-9710EE9A1BA7}.Debug|Any CPU.ActiveCfg = Debug|Any CPU
		{DF7E0D8C-A8AA-414E-906F-9710EE9A1BA7}.Debug|Any CPU.Build.0 = Debug|Any CPU
		{DF7E0D8C-A8AA-414E-906F-9710EE9A1BA7}.Release|Any CPU.ActiveCfg = Release|Any CPU
		{DF7E0D8C-A8AA-414E-906F-9710EE9A1BA7}.Release|Any CPU.Build.0 = Release|Any CPU
	EndGlobalSection
	GlobalSection(SolutionProperties) = preSolution
		HideSolutionNode = FALSE
	EndGlobalSection
	GlobalSection(ExtensibilityGlobals) = postSolution
		SolutionGuid = {EDCD882F-A716-4A6B-B954-8B8AAEFF57D5}
	EndGlobalSection
EndGlobal
